<?xml version="1.0" encoding="UTF-8" standalone="yes" ?>
<CodeBlocks_project_file>
	<FileVersion major="1" minor="6" />
	<Project>
		<Option title="Clipper" />
		<Option pch_mode="2" />
		<Option compiler="gcc" />
		<Build>
			<Target title="Debug">
				<Option output="bin/Debug/Clipper" prefix_auto="1" extension_auto="1" />
				<Option object_output="obj/Debug/" />
				<Option type="1" />
				<Option compiler="gcc" />
				<Compiler>
					<Add option="-g" />
					<Add directory="../../../source/OpenCV2.44/opencv/build/include" />
				</Compiler>
				<Linker>
					<Add library="..\..\..\source\OpenCV2.44\opencv\build\x86\mingw\lib\libopencv_videostab244.dll.a" />
					<Add library="..\..\..\source\OpenCV2.44\opencv\build\x86\mingw\lib\libopencv_stitching244.dll.a" />
					<Add library="..\..\..\source\OpenCV2.44\opencv\build\x86\mingw\lib\libcv2.dll.a" />
					<Add library="..\..\..\source\OpenCV2.44\opencv\build\x86\mingw\lib\libopencv_gpu244.dll.a" />
					<Add library="..\..\..\source\OpenCV2.44\opencv\build\x86\mingw\lib\libopencv_legacy244.dll.a" />
					<Add library="..\..\..\source\OpenCV2.44\opencv\build\x86\mingw\lib\libopencv_photo244.dll.a" />
					<Add library="..\..\..\source\OpenCV2.44\opencv\build\x86\mingw\lib\libopencv_nonfree244.dll.a" />
					<Add library="..\..\..\source\OpenCV2.44\opencv\build\x86\mingw\lib\libopencv_contrib244.dll.a" />
					<Add library="..\..\..\source\OpenCV2.44\opencv\build\x86\mingw\lib\libopencv_objdetect244.dll.a" />
					<Add library="..\..\..\source\OpenCV2.44\opencv\build\x86\mingw\lib\libopencv_video244.dll.a" />
					<Add library="..\..\..\source\OpenCV2.44\opencv\build\x86\mingw\lib\libopencv_ml244.dll.a" />
					<Add library="..\..\..\source\OpenCV2.44\opencv\build\x86\mingw\lib\libopencv_calib3d244.dll.a" />
					<Add library="..\..\..\source\OpenCV2.44\opencv\build\x86\mingw\lib\libopencv_features2d244.dll.a" />
					<Add library="..\..\..\source\OpenCV2.44\opencv\build\x86\mingw\lib\libopencv_highgui244.dll.a" />
					<Add library="..\..\..\source\OpenCV2.44\opencv\build\x86\mingw\lib\libopencv_flann244.dll.a" />
					<Add library="..\..\..\source\OpenCV2.44\opencv\build\x86\mingw\lib\libopencv_imgproc244.dll.a" />
					<Add library="..\..\..\source\OpenCV2.44\opencv\build\x86\mingw\lib\libopencv_core244.dll.a" />
					<Add directory="../../../source/OpenCV2.44/opencv/build/x86/mingw/lib" />
					<Add directory="../../../source/OpenCV2.44/opencv/build/x86/mingw/bin" />
				</Linker>
			</Target>
			<Target title="Release">
				<Option output="bin/Release/Clipper" prefix_auto="1" extension_auto="1" />
				<Option object_output="obj/Release/" />
				<Option type="1" />
				<Option compiler="gcc" />
				<Compiler>
					<Add option="-O2" />
				</Compiler>
				<Linker>
					<Add option="-s" />
				</Linker>
			</Target>
		</Build>
		<Compiler>
			<Add option="-Wall" />
			<Add option="-fexceptions" />
		</Compiler>
		<Unit filename="clipper.cpp" />
		<Unit filename="clipper.hpp" />
		<Unit filename="clipper_console_demo.cpp">
			<Option link="0" />
		</Unit>
		<Unit filename="main.cpp">
			<Option link="0" />
		</Unit>
		<Unit filename="start.cpp" />
		<Extensions>
			<code_completion />
			<envvars />
			<debugger />
			<lib_finder disable_auto="1" />
		</Extensions>
	</Project>
</CodeBlocks_project_file>
